
Microsoft Visual Studio Solution File, Format Version 12.00
# Visual Studio 15
VisualStudioVersion = 15.0.27130.2036
MinimumVisualStudioVersion = 10.0.40219.1
Project("{FAE04EC0-301F-11D3-BF4B-00C04F79EFBC}") = "ReactiveApp1", "ReactiveApp1\ReactiveApp1.csproj", "{AE1936D9-3413-4F7E-8FC6-1ACECB2AA7DD}"
EndProject
Global
	GlobalSection(SolutionConfigurationPlatforms) = preSolution
		Debug|Any CPU = Debug|Any CPU
		Release|Any CPU = Release|Any CPU
	EndGlobalSection
	GlobalSection(ProjectConfigurationPlatforms) = postSolution
		{AE1936D9-3413-4F7E-8FC6-1ACECB2AA7DD}.Debug|Any CPU.ActiveCfg = Debug|Any CPU
		{AE1936D9-3413-4F7E-8FC6-1ACECB2AA7DD}.Debug|Any CPU.Build.0 = Debug|Any CPU
		{AE1936D9-3413-4F7E-8FC6-1ACECB2AA7DD}.Release|Any CPU.ActiveCfg = Release|Any CPU
		{AE1936D9-3413-4F7E-8FC6-1ACECB2AA7DD}.Release|Any CPU.Build.0 = Release|Any CPU
	EndGlobalSection
	GlobalSection(SolutionProperties) = preSolution
		HideSolutionNode = FALSE
	EndGlobalSection
	GlobalSection(ExtensibilityGlobals) = postSolution
		SolutionGuid = {005F1811-39F7-4F27-854F-C8C3BBBB46D9}
	EndGlobalSection
EndGlobal
